// !$*UTF8*$!
{
	archiveVersion = 1;
	classes = {
	};
	objectVersion = 50;
	objects = {

/* Begin PBXBuildFile section */
		BB20424E216F179E0001A9C7 /* DetailViewController.swift in Sources */ = {isa = PBXBuildFile; fileRef = BB20424D216F179E0001A9C7 /* DetailViewController.swift */; };
		BB9DDD15216C136400AA3F5A /* AppDelegate.swift in Sources */ = {isa = PBXBuildFile; fileRef = BB9DDD14216C136400AA3F5A /* AppDelegate.swift */; };
		BB9DDD17216C136400AA3F5A /* NowPlayingViewController.swift in Sources */ = {isa = PBXBuildFile; fileRef = BB9DDD16216C136400AA3F5A /* NowPlayingViewController.swift */; };
		BB9DDD1A216C136400AA3F5A /* Main.storyboard in Resources */ = {isa = PBXBuildFile; fileRef = BB9DDD18216C136400AA3F5A /* Main.storyboard */; };
		BB9DDD1D216C136400AA3F5A /* Flix.xcdatamodeld in Sources */ = {isa = PBXBuildFile; fileRef = BB9DDD1B216C136400AA3F5A /* Flix.xcdatamodeld */; };
		BB9DDD1F216C136500AA3F5A /* Assets.xcassets in Resources */ = {isa = PBXBuildFile; fileRef = BB9DDD1E216C136500AA3F5A /* Assets.xcassets */; };
		BB9DDD22216C136500AA3F5A /* LaunchScreen.storyboard in Resources */ = {isa = PBXBuildFile; fileRef = BB9DDD20216C136500AA3F5A /* LaunchScreen.storyboard */; };
		BBAEAC6B21C59C63006F0394 /* Movie.swift in Sources */ = {isa = PBXBuildFile; fileRef = BBAEAC6A21C59C63006F0394 /* Movie.swift */; };
		BBCCDF49219E3C3E007980CB /* PosterCell.swift in Sources */ = {isa = PBXBuildFile; fileRef = BBCCDF48219E3C3E007980CB /* PosterCell.swift */; };
		BBCCDF4B219E3CB7007980CB /* SuperheroViewController.swift in Sources */ = {isa = PBXBuildFile; fileRef = BBCCDF4A219E3CB7007980CB /* SuperheroViewController.swift */; };
		BBF101F8216C446900B5147C /* MovieCell.swift in Sources */ = {isa = PBXBuildFile; fileRef = BBF101F7216C446900B5147C /* MovieCell.swift */; };
		BBFC09DB2172E5130030D91B /* Network.swift in Sources */ = {isa = PBXBuildFile; fileRef = BBFC09DA2172E5130030D91B /* Network.swift */; };
		DD82CF2F329F562D22AB12F9 /* Pods_Flix.framework in Frameworks */ = {isa = PBXBuildFile; fileRef = 819555EB3E7EB876C73A2067 /* Pods_Flix.framework */; };
/* End PBXBuildFile section */

/* Begin PBXFileReference section */
		10AED116F3BA22F57B6FE9EF /* Pods-Flix.release.xcconfig */ = {isa = PBXFileReference; includeInIndex = 1; lastKnownFileType = text.xcconfig; name = "Pods-Flix.release.xcconfig"; path = "Pods/Target Support Files/Pods-Flix/Pods-Flix.release.xcconfig"; sourceTree = "<group>"; };
		6234B11925EB5BC38522A6A8 /* Pods-Flix.debug.xcconfig */ = {isa = PBXFileReference; includeInIndex = 1; lastKnownFileType = text.xcconfig; name = "Pods-Flix.debug.xcconfig"; path = "Pods/Target Support Files/Pods-Flix/Pods-Flix.debug.xcconfig"; sourceTree = "<group>"; };
		819555EB3E7EB876C73A2067 /* Pods_Flix.framework */ = {isa = PBXFileReference; explicitFileType = wrapper.framework; includeInIndex = 0; path = Pods_Flix.framework; sourceTree = BUILT_PRODUCTS_DIR; };
		BB20424D216F179E0001A9C7 /* DetailViewController.swift */ = {isa = PBXFileReference; lastKnownFileType = sourcecode.swift; path = DetailViewController.swift; sourceTree = "<group>"; };
		BB9DDD11216C136400AA3F5A /* Flix.app */ = {isa = PBXFileReference; explicitFileType = wrapper.application; includeInIndex = 0; path = Flix.app; sourceTree = BUILT_PRODUCTS_DIR; };
		BB9DDD14216C136400AA3F5A /* AppDelegate.swift */ = {isa = PBXFileReference; lastKnownFileType = sourcecode.swift; path = AppDelegate.swift; sourceTree = "<group>"; };
		BB9DDD16216C136400AA3F5A /* NowPlayingViewController.swift */ = {isa = PBXFileReference; lastKnownFileType = sourcecode.swift; path = NowPlayingViewController.swift; sourceTree = "<group>"; };
		BB9DDD19216C136400AA3F5A /* Base */ = {isa = PBXFileReference; lastKnownFileType = file.storyboard; name = Base; path = Base.lproj/Main.storyboard; sourceTree = "<group>"; };
		BB9DDD1C216C136400AA3F5A /* Flix.xcdatamodel */ = {isa = PBXFileReference; lastKnownFileType = wrapper.xcdatamodel; path = Flix.xcdatamodel; sourceTree = "<group>"; };
		BB9DDD1E216C136500AA3F5A /* Assets.xcassets */ = {isa = PBXFileReference; lastKnownFileType = folder.assetcatalog; path = Assets.xcassets; sourceTree = "<group>"; };
		BB9DDD21216C136500AA3F5A /* Base */ = {isa = PBXFileReference; lastKnownFileType = file.storyboard; name = Base; path = Base.lproj/LaunchScreen.storyboard; sourceTree = "<group>"; };
		BB9DDD23216C136500AA3F5A /* Info.plist */ = {isa = PBXFileReference; lastKnownFileType = text.plist.xml; path = Info.plist; sourceTree = "<group>"; };
		BBAEAC6A21C59C63006F0394 /* Movie.swift */ = {isa = PBXFileReference; lastKnownFileType = sourcecode.swift; path = Movie.swift; sourceTree = "<group>"; };
		BBCCDF48219E3C3E007980CB /* PosterCell.swift */ = {isa = PBXFileReference; lastKnownFileType = sourcecode.swift; path = PosterCell.swift; sourceTree = "<group>"; };
		BBCCDF4A219E3CB7007980CB /* SuperheroViewController.swift */ = {isa = PBXFileReference; lastKnownFileType = sourcecode.swift; path = SuperheroViewController.swift; sourceTree = "<group>"; };
		BBF101F7216C446900B5147C /* MovieCell.swift */ = {isa = PBXFileReference; lastKnownFileType = sourcecode.swift; path = MovieCell.swift; sourceTree = "<group>"; };
		BBFC09DA2172E5130030D91B /* Network.swift */ = {isa = PBXFileReference; lastKnownFileType = sourcecode.swift; path = Network.swift; sourceTree = "<group>"; };
/* End PBXFileReference section */

/* Begin PBXFrameworksBuildPhase section */
		BB9DDD0E216C136400AA3F5A /* Frameworks */ = {
			isa = PBXFrameworksBuildPhase;
			buildActionMask = 2147483647;
			files = (
				DD82CF2F329F562D22AB12F9 /* Pods_Flix.framework in Frameworks */,
			);
			runOnlyForDeploymentPostprocessing = 0;
		};
/* End PBXFrameworksBuildPhase section */

/* Begin PBXGroup section */
		277CD87D15B469E02B59AC27 /* Frameworks */ = {
			isa = PBXGroup;
			children = (
				819555EB3E7EB876C73A2067 /* Pods_Flix.framework */,
			);
			name = Frameworks;
			sourceTree = "<group>";
		};
		BB9DDD08216C136400AA3F5A = {
			isa = PBXGroup;
			children = (
				BB9DDD13216C136400AA3F5A /* Flix */,
				BB9DDD12216C136400AA3F5A /* Products */,
				EF1664C4F3D2D43DF5351B23 /* Pods */,
				277CD87D15B469E02B59AC27 /* Frameworks */,
			);
			sourceTree = "<group>";
		};
		BB9DDD12216C136400AA3F5A /* Products */ = {
			isa = PBXGroup;
			children = (
				BB9DDD11216C136400AA3F5A /* Flix.app */,
			);
			name = Products;
			sourceTree = "<group>";
		};
		BB9DDD13216C136400AA3F5A /* Flix */ = {
			isa = PBXGroup;
			children = (
				BB9DDD1E216C136500AA3F5A /* Assets.xcassets */,
				BB9DDD14216C136400AA3F5A /* AppDelegate.swift */,
				BB9DDD29216C1BB800AA3F5A /* Controllers */,
				BBAEAC6921C59C3E006F0394 /* Models */,
				BB9DDD2B216C1BCF00AA3F5A /* Storyboards */,
				BB9DDD2A216C1BC800AA3F5A /* Views */,
				BBFC09D92172E4FD0030D91B /* Helpers */,
				BB9DDD2C216C1BD600AA3F5A /* Supporting Files */,
			);
			path = Flix;
			sourceTree = "<group>";
		};
		BB9DDD29216C1BB800AA3F5A /* Controllers */ = {
			isa = PBXGroup;
			children = (
				BB9DDD16216C136400AA3F5A /* NowPlayingViewController.swift */,
				BB20424D216F179E0001A9C7 /* DetailViewController.swift */,
				BBCCDF4A219E3CB7007980CB /* SuperheroViewController.swift */,
			);
			path = Controllers;
			sourceTree = "<group>";
		};
		BB9DDD2A216C1BC800AA3F5A /* Views */ = {
			isa = PBXGroup;
			children = (
				BBF101F7216C446900B5147C /* MovieCell.swift */,
				BBCCDF48219E3C3E007980CB /* PosterCell.swift */,
			);
			path = Views;
			sourceTree = "<group>";
		};
		BB9DDD2B216C1BCF00AA3F5A /* Storyboards */ = {
			isa = PBXGroup;
			children = (
				BB9DDD18216C136400AA3F5A /* Main.storyboard */,
				BB9DDD20216C136500AA3F5A /* LaunchScreen.storyboard */,
			);
			path = Storyboards;
			sourceTree = "<group>";
		};
		BB9DDD2C216C1BD600AA3F5A /* Supporting Files */ = {
			isa = PBXGroup;
			children = (
				BB9DDD23216C136500AA3F5A /* Info.plist */,
				BB9DDD1B216C136400AA3F5A /* Flix.xcdatamodeld */,
			);
			path = "Supporting Files";
			sourceTree = "<group>";
		};
		BBAEAC6921C59C3E006F0394 /* Models */ = {
			isa = PBXGroup;
			children = (
				BBAEAC6A21C59C63006F0394 /* Movie.swift */,
			);
			path = Models;
			sourceTree = "<group>";
		};
		BBFC09D92172E4FD0030D91B /* Helpers */ = {
			isa = PBXGroup;
			children = (
				BBFC09DA2172E5130030D91B /* Network.swift */,
			);
			path = Helpers;
			sourceTree = "<group>";
		};
		EF1664C4F3D2D43DF5351B23 /* Pods */ = {
			isa = PBXGroup;
			children = (
				6234B11925EB5BC38522A6A8 /* Pods-Flix.debug.xcconfig */,
				10AED116F3BA22F57B6FE9EF /* Pods-Flix.release.xcconfig */,
			);
			name = Pods;
			sourceTree = "<group>";
		};
/* End PBXGroup section */

/* Begin PBXNativeTarget section */
		BB9DDD10216C136400AA3F5A /* Flix */ = {
			isa = PBXNativeTarget;
			buildConfigurationList = BB9DDD26216C136500AA3F5A /* Build configuration list for PBXNativeTarget "Flix" */;
			buildPhases = (
				1DEAF04EDBEED33D634B0469 /* [CP] Check Pods Manifest.lock */,
				BB9DDD0D216C136400AA3F5A /* Sources */,
				BB9DDD0E216C136400AA3F5A /* Frameworks */,
				BB9DDD0F216C136400AA3F5A /* Resources */,
				401AE5EF10573C9C4D36BCE7 /* [CP] Embed Pods Frameworks */,
			);
			buildRules = (
			);
			dependencies = (
			);
			name = Flix;
			productName = Flix;
			productReference = BB9DDD11216C136400AA3F5A /* Flix.app */;
			productType = "com.apple.product-type.application";
		};
/* End PBXNativeTarget section */

/* Begin PBXProject section */
		BB9DDD09216C136400AA3F5A /* Project object */ = {
			isa = PBXProject;
			attributes = {
				LastSwiftUpdateCheck = 1000;
				LastUpgradeCheck = 1000;
				ORGANIZATIONNAME = Membriux;
				TargetAttributes = {
					BB9DDD10216C136400AA3F5A = {
						CreatedOnToolsVersion = 10.0;
					};
				};
			};
			buildConfigurationList = BB9DDD0C216C136400AA3F5A /* Build configuration list for PBXProject "Flix" */;
			compatibilityVersion = "Xcode 9.3";
			developmentRegion = en;
			hasScannedForEncodings = 0;
			knownRegions = (
				en,
				Base,
			);
			mainGroup = BB9DDD08216C136400AA3F5A;
			productRefGroup = BB9DDD12216C136400AA3F5A /* Products */;
			projectDirPath = "";
			projectRoot = "";
			targets = (
				BB9DDD10216C136400AA3F5A /* Flix */,
			);
		};
/* End PBXProject section */

/* Begin PBXResourcesBuildPhase section */
		BB9DDD0F216C136400AA3F5A /* Resources */ = {
			isa = PBXResourcesBuildPhase;
			buildActionMask = 2147483647;
			files = (
				BB9DDD22216C136500AA3F5A /* LaunchScreen.storyboard in Resources */,
				BB9DDD1F216C136500AA3F5A /* Assets.xcassets in Resources */,
				BB9DDD1A216C136400AA3F5A /* Main.storyboard in Resources */,
			);
			runOnlyForDeploymentPostprocessing = 0;
		};
/* End PBXResourcesBuildPhase section */

/* Begin PBXShellScriptBuildPhase section */
		1DEAF04EDBEED33D634B0469 /* [CP] Check Pods Manifest.lock */ = {
			isa = PBXShellScriptBuildPhase;
			buildActionMask = 2147483647;
			files = (
			);
			inputPaths = (
				"${PODS_PODFILE_DIR_PATH}/Podfile.lock",
				"${PODS_ROOT}/Manifest.lock",
			);
			name = "[CP] Check Pods Manifest.lock";
			outputPaths = (
				"$(DERIVED_FILE_DIR)/Pods-Flix-checkManifestLockResult.txt",
			);
			runOnlyForDeploymentPostprocessing = 0;
			shellPath = /bin/sh;
			shellScript = "diff \"${PODS_PODFILE_DIR_PATH}/Podfile.lock\" \"${PODS_ROOT}/Manifest.lock\" > /dev/null\nif [ $? != 0 ] ; then\n    # print error to STDERR\n    echo \"error: The sandbox is not in sync with the Podfile.lock. Run 'pod install' or update your CocoaPods installation.\" >&2\n    exit 1\nfi\n# This output is used by Xcode 'outputs' to avoid re-running this script phase.\necho \"SUCCESS\" > \"${SCRIPT_OUTPUT_FILE_0}\"\n";
			showEnvVarsInLog = 0;
		};
		401AE5EF10573C9C4D36BCE7 /* [CP] Embed Pods Frameworks */ = {
			isa = PBXShellScriptBuildPhase;
			buildActionMask = 2147483647;
			files = (
			);
			inputPaths = (
				"${SRCROOT}/Pods/Target Support Files/Pods-Flix/Pods-Flix-frameworks.sh",
				"${BUILT_PRODUCTS_DIR}/Alamofire/Alamofire.framework",
				"${BUILT_PRODUCTS_DIR}/AlamofireImage/AlamofireImage.framework",
				"${BUILT_PRODUCTS_DIR}/MBProgressHUD/MBProgressHUD.framework",
			);
			name = "[CP] Embed Pods Frameworks";
			outputPaths = (
				"${TARGET_BUILD_DIR}/${FRAMEWORKS_FOLDER_PATH}/Alamofire.framework",
				"${TARGET_BUILD_DIR}/${FRAMEWORKS_FOLDER_PATH}/AlamofireImage.framework",
				"${TARGET_BUILD_DIR}/${FRAMEWORKS_FOLDER_PATH}/MBProgressHUD.framework",
			);
			runOnlyForDeploymentPostprocessing = 0;
			shellPath = /bin/sh;
			shellScript = "\"${SRCROOT}/Pods/Target Support Files/Pods-Flix/Pods-Flix-frameworks.sh\"\n";
			showEnvVarsInLog = 0;
		};
/* End PBXShellScriptBuildPhase section */

/* Begin PBXSourcesBuildPhase section */
		BB9DDD0D216C136400AA3F5A /* Sources */ = {
			isa = PBXSourcesBuildPhase;
			buildActionMask = 2147483647;
			files = (
				BB9DDD1D216C136400AA3F5A /* Flix.xcdatamodeld in Sources */,
				BB20424E216F179E0001A9C7 /* DetailViewController.swift in Sources */,
				BBAEAC6B21C59C63006F0394 /* Movie.swift in Sources */,
				BBFC09DB2172E5130030D91B /* Network.swift in Sources */,
				BB9DDD17216C136400AA3F5A /* NowPlayingViewController.swift in Sources */,
				BBCCDF4B219E3CB7007980CB /* SuperheroViewController.swift in Sources */,
				BBF101F8216C446900B5147C /* MovieCell.swift in Sources */,
				BBCCDF49219E3C3E007980CB /* PosterCell.swift in Sources */,
				BB9DDD15216C136400AA3F5A /* AppDelegate.swift in Sources */,
			);
			runOnlyForDeploymentPostprocessing = 0;
		};
/* End PBXSourcesBuildPhase section */

/* Begin PBXVariantGroup section */
		BB9DDD18216C136400AA3F5A /* Main.storyboard */ = {
			isa = PBXVariantGroup;
			children = (
				BB9DDD19216C136400AA3F5A /* Base */,
			);
			name = Main.storyboard;
			sourceTree = "<group>";
		};
		BB9DDD20216C136500AA3F5A /* LaunchScreen.storyboard */ = {
			isa = PBXVariantGroup;
			children = (
				BB9DDD21216C136500AA3F5A /* Base */,
			);
			name = LaunchScreen.storyboard;
			sourceTree = "<group>";
		};
/* End PBXVariantGroup section */

/* Begin XCBuildConfiguration section */
		BB9DDD24216C136500AA3F5A /* Debug */ = {
			isa = XCBuildConfiguration;
			buildSettings = {
				ALWAYS_SEARCH_USER_PATHS = NO;
				CLANG_ANALYZER_NONNULL = YES;
				CLANG_ANALYZER_NUMBER_OBJECT_CONVERSION = YES_AGGRESSIVE;
				CLANG_CXX_LANGUAGE_STANDARD = "gnu++14";
				CLANG_CXX_LIBRARY = "libc++";
				CLANG_ENABLE_MODULES = YES;
				CLANG_ENABLE_OBJC_ARC = YES;
				CLANG_ENABLE_OBJC_WEAK = YES;
				CLANG_WARN_BLOCK_CAPTURE_AUTORELEASING = YES;
				CLANG_WARN_BOOL_CONVERSION = YES;
				CLANG_WARN_COMMA = YES;
				CLANG_WARN_CONSTANT_CONVERSION = YES;
				CLANG_WARN_DEPRECATED_OBJC_IMPLEMENTATIONS = YES;
				CLANG_WARN_DIRECT_OBJC_ISA_USAGE = YES_ERROR;
				CLANG_WARN_DOCUMENTATION_COMMENTS = YES;
				CLANG_WARN_EMPTY_BODY = YES;
				CLANG_WARN_ENUM_CONVERSION = YES;
				CLANG_WARN_INFINITE_RECURSION = YES;
				CLANG_WARN_INT_CONVERSION = YES;
				CLANG_WARN_NON_LITERAL_NULL_CONVERSION = YES;
				CLANG_WARN_OBJC_IMPLICIT_RETAIN_SELF = YES;
				CLANG_WARN_OBJC_LITERAL_CONVERSION = YES;
				CLANG_WARN_OBJC_ROOT_CLASS = YES_ERROR;
				CLANG_WARN_RANGE_LOOP_ANALYSIS = YES;
				CLANG_WARN_STRICT_PROTOTYPES = YES;
				CLANG_WARN_SUSPICIOUS_MOVE = YES;
				CLANG_WARN_UNGUARDED_AVAILABILITY = YES_AGGRESSIVE;
				CLANG_WARN_UNREACHABLE_CODE = YES;
				CLANG_WARN__DUPLICATE_METHOD_MATCH = YES;
				CODE_SIGN_IDENTITY = "iPhone Developer";
				COPY_PHASE_STRIP = NO;
				DEBUG_INFORMATION_FORMAT = dwarf;
				ENABLE_STRICT_OBJC_MSGSEND = YES;
				ENABLE_TESTABILITY = YES;
				GCC_C_LANGUAGE_STANDARD = gnu11;
				GCC_DYNAMIC_NO_PIC = NO;
				GCC_NO_COMMON_BLOCKS = YES;
				GCC_OPTIMIZATION_LEVEL = 0;
				GCC_PREPROCESSOR_DEFINITIONS = (
					"DEBUG=1",
					"$(inherited)",
				);
				GCC_WARN_64_TO_32_BIT_CONVERSION = YES;
				GCC_WARN_ABOUT_RETURN_TYPE = YES_ERROR;
				GCC_WARN_UNDECLARED_SELECTOR = YES;
				GCC_WARN_UNINITIALIZED_AUTOS = YES_AGGRESSIVE;
				GCC_WARN_UNUSED_FUNCTION = YES;
				GCC_WARN_UNUSED_VARIABLE = YES;
				IPHONEOS_DEPLOYMENT_TARGET = 12.0;
				MTL_ENABLE_DEBUG_INFO = INCLUDE_SOURCE;
				MTL_FAST_MATH = YES;
				ONLY_ACTIVE_ARCH = YES;
				SDKROOT = iphoneos;
				SWIFT_ACTIVE_COMPILATION_CONDITIONS = DEBUG;
				SWIFT_OPTIMIZATION_LEVEL = "-Onone";
			};
			name = Debug;
		};
		BB9DDD25216C136500AA3F5A /* Release */ = {
			isa = XCBuildConfiguration;
			buildSettings = {
				ALWAYS_SEARCH_USER_PATHS = NO;
				CLANG_ANALYZER_NONNULL = YES;
				CLANG_ANALYZER_NUMBER_OBJECT_CONVERSION = YES_AGGRESSIVE;
				CLANG_CXX_LANGUAGE_STANDARD = "gnu++14";
				CLANG_CXX_LIBRARY = "libc++";
				CLANG_ENABLE_MODULES = YES;
				CLANG_ENABLE_OBJC_ARC = YES;
				CLANG_ENABLE_OBJC_WEAK = YES;
				CLANG_WARN_BLOCK_CAPTURE_AUTORELEASING = YES;
				CLANG_WARN_BOOL_CONVERSION = YES;
				CLANG_WARN_COMMA = YES;
				CLANG_WARN_CONSTANT_CONVERSION = YES;
				CLANG_WARN_DEPRECATED_OBJC_IMPLEMENTATIONS = YES;
				CLANG_WARN_DIRECT_OBJC_ISA_USAGE = YES_ERROR;
				CLANG_WARN_DOCUMENTATION_COMMENTS = YES;
				CLANG_WARN_EMPTY_BODY = YES;
				CLANG_WARN_ENUM_CONVERSION = YES;
				CLANG_WARN_INFINITE_RECURSION = YES;
				CLANG_WARN_INT_CONVERSION = YES;
				CLANG_WARN_NON_LITERAL_NULL_CONVERSION = YES;
				CLANG_WARN_OBJC_IMPLICIT_RETAIN_SELF = YES;
				CLANG_WARN_OBJC_LITERAL_CONVERSION = YES;
				CLANG_WARN_OBJC_ROOT_CLASS = YES_ERROR;
				CLANG_WARN_RANGE_LOOP_ANALYSIS = YES;
				CLANG_WARN_STRICT_PROTOTYPES = YES;
				CLANG_WARN_SUSPICIOUS_MOVE = YES;
				CLANG_WARN_UNGUARDED_AVAILABILITY = YES_AGGRESSIVE;
				CLANG_WARN_UNREACHABLE_CODE = YES;
				CLANG_WARN__DUPLICATE_METHOD_MATCH = YES;
				CODE_SIGN_IDENTITY = "iPhone Developer";
				COPY_PHASE_STRIP = NO;
				DEBUG_INFORMATION_FORMAT = "dwarf-with-dsym";
				ENABLE_NS_ASSERTIONS = NO;
				ENABLE_STRICT_OBJC_MSGSEND = YES;
				GCC_C_LANGUAGE_STANDARD = gnu11;
				GCC_NO_COMMON_BLOCKS = YES;
				GCC_WARN_64_TO_32_BIT_CONVERSION = YES;
				GCC_WARN_ABOUT_RETURN_TYPE = YES_ERROR;
				GCC_WARN_UNDECLARED_SELECTOR = YES;
				GCC_WARN_UNINITIALIZED_AUTOS = YES_AGGRESSIVE;
				GCC_WARN_UNUSED_FUNCTION = YES;
				GCC_WARN_UNUSED_VARIABLE = YES;
				IPHONEOS_DEPLOYMENT_TARGET = 12.0;
				MTL_ENABLE_DEBUG_INFO = NO;
				MTL_FAST_MATH = YES;
				SDKROOT = iphoneos;
				SWIFT_COMPILATION_MODE = wholemodule;
				SWIFT_OPTIMIZATION_LEVEL = "-O";
				VALIDATE_PRODUCT = YES;
			};
			name = Release;
		};
		BB9DDD27216C136500AA3F5A /* Debug */ = {
			isa = XCBuildConfiguration;
			baseConfigurationReference = 6234B11925EB5BC38522A6A8 /* Pods-Flix.debug.xcconfig */;
			buildSettings = {
				ASSETCATALOG_COMPILER_APPICON_NAME = AppIcon;
				CODE_SIGN_STYLE = Automatic;
				DEVELOPMENT_TEAM = 9VVT5BZ4Y5;
				INFOPLIST_FILE = "$(SRCROOT)/Flix/Supporting Files/Info.plist";
				LD_RUNPATH_SEARCH_PATHS = (
					"$(inherited)",
					"@executable_path/Frameworks",
				);
				PRODUCT_BUNDLE_IDENTIFIER = com.iOSUniversity.Flix;
				PRODUCT_NAME = "$(TARGET_NAME)";
				SWIFT_VERSION = 4.2;
				TARGETED_DEVICE_FAMILY = "1,2";
			};
			name = Debug;
		};
		BB9DDD28216C136500AA3F5A /* Release */ = {
			isa = XCBuildConfiguration;
			baseConfigurationReference = 10AED116F3BA22F57B6FE9EF /* Pods-Flix.release.xcconfig */;
			buildSettings = {
				ASSETCATALOG_COMPILER_APPICON_NAME = AppIcon;
				CODE_SIGN_STYLE = Automatic;
				DEVELOPMENT_TEAM = 9VVT5BZ4Y5;
				INFOPLIST_FILE = "$(SRCROOT)/Flix/Supporting Files/Info.plist";
				LD_RUNPATH_SEARCH_PATHS = (
					"$(inherited)",
					"@executable_path/Frameworks",
				);
				PRODUCT_BUNDLE_IDENTIFIER = com.iOSUniversity.Flix;
				PRODUCT_NAME = "$(TARGET_NAME)";
				SWIFT_VERSION = 4.2;
				TARGETED_DEVICE_FAMILY = "1,2";
			};
			name = Release;
		};
/* End XCBuildConfiguration section */

/* Begin XCConfigurationList section */
		BB9DDD0C216C136400AA3F5A /* Build configuration list for PBXProject "Flix" */ = {
			isa = XCConfigurationList;
			buildConfigurations = (
				BB9DDD24216C136500AA3F5A /* Debug */,
				BB9DDD25216C136500AA3F5A /* Release */,
			);
			defaultConfigurationIsVisible = 0;
			defaultConfigurationName = Release;
		};
		BB9DDD26216C136500AA3F5A /* Build configuration list for PBXNativeTarget "Flix" */ = {
			isa = XCConfigurationList;
			buildConfigurations = (
				BB9DDD27216C136500AA3F5A /* Debug */,
				BB9DDD28216C136500AA3F5A /* Release */,
			);
			defaultConfigurationIsVisible = 0;
			defaultConfigurationName = Release;
		};
/* End XCConfigurationList section */

/* Begin XCVersionGroup section */
		BB9DDD1B216C136400AA3F5A /* Flix.xcdatamodeld */ = {
			isa = XCVersionGroup;
			children = (
				BB9DDD1C216C136400AA3F5A /* Flix.xcdatamodel */,
			);
			currentVersion = BB9DDD1C216C136400AA3F5A /* Flix.xcdatamodel */;
			path = Flix.xcdatamodeld;
			sourceTree = "<group>";
			versionGroupType = wrapper.xcdatamodel;
		};
/* End XCVersionGroup section */
	};
	rootObject = BB9DDD09216C136400AA3F5A /* Project object */;
}
